
Microsoft Visual Studio Solution File, Format Version 12.00
# Visual Studio Version 17
VisualStudioVersion = 17.3.32811.315
MinimumVisualStudioVersion = 10.0.40219.1
Project("{FAE04EC0-301F-11D3-BF4B-00C04F79EFBC}") = "Rohan.Selenium.Framework", "Rohan.Selenium.Framework.csproj", "{BA2F1CB3-F478-4921-9412-C80AB866E686}"
EndProject
Global
	GlobalSection(SolutionConfigurationPlatforms) = preSolution
		Debug|Any CPU = Debug|Any CPU
		Release|Any CPU = Release|Any CPU
	EndGlobalSection
	GlobalSection(ProjectConfigurationPlatforms) = postSolution
		{BA2F1CB3-F478-4921-9412-C80AB866E686}.Debug|Any CPU.ActiveCfg = Debug|Any CPU
		{BA2F1CB3-F478-4921-9412-C80AB866E686}.Debug|Any CPU.Build.0 = Debug|Any CPU
		{BA2F1CB3-F478-4921-9412-C80AB866E686}.Release|Any CPU.ActiveCfg = Release|Any CPU
		{BA2F1CB3-F478-4921-9412-C80AB866E686}.Release|Any CPU.Build.0 = Release|Any CPU
	EndGlobalSection
	GlobalSection(SolutionProperties) = preSolution
		HideSolutionNode = FALSE
	EndGlobalSection
	GlobalSection(ExtensibilityGlobals) = postSolution
		SolutionGuid = {58A39E06-31C4-4449-9F51-DE534D6231CE}
	EndGlobalSection
EndGlobal
